
Microsoft Visual Studio Solution File, Format Version 12.00
# Visual Studio Version 17
VisualStudioVersion = 17.3.32901.215
MinimumVisualStudioVersion = 10.0.40219.1
Project("{FAE04EC0-301F-11D3-BF4B-00C04F79EFBC}") = "P2_2_1214062", "P2_2_1214062\P2_2_1214062.csproj", "{6BF3F41B-31F2-40E3-8F2F-D1DF65803355}"
EndProject
Global
	GlobalSection(SolutionConfigurationPlatforms) = preSolution
		Debug|Any CPU = Debug|Any CPU
		Release|Any CPU = Release|Any CPU
	EndGlobalSection
	GlobalSection(ProjectConfigurationPlatforms) = postSolution
		{6BF3F41B-31F2-40E3-8F2F-D1DF65803355}.Debug|Any CPU.ActiveCfg = Debug|Any CPU
		{6BF3F41B-31F2-40E3-8F2F-D1DF65803355}.Debug|Any CPU.Build.0 = Debug|Any CPU
		{6BF3F41B-31F2-40E3-8F2F-D1DF65803355}.Release|Any CPU.ActiveCfg = Release|Any CPU
		{6BF3F41B-31F2-40E3-8F2F-D1DF65803355}.Release|Any CPU.Build.0 = Release|Any CPU
	EndGlobalSection
	GlobalSection(SolutionProperties) = preSolution
		HideSolutionNode = FALSE
	EndGlobalSection
	GlobalSection(ExtensibilityGlobals) = postSolution
		SolutionGuid = {A4D7B4C8-B601-40F2-9388-D5B8C9A7E478}
	EndGlobalSection
EndGlobal
